Microsoft Visual Studio Solution File, Format Version 12.00
Project("{2150E333-8FDC-42A3-9474-1A3956D46DE8}") = "src", "src", "{84DB2D72-17E0-441C-A59C-1448AD9F64D0}"
EndProject
Project("{2150E333-8FDC-42A3-9474-1A3956D46DE8}") = "tests", "tests", "{AB70FC1C-78C0-48B7-96E0-53B9605132D5}"
EndProject
Project("{FAE04EC0-301F-11D3-BF4B-00C04F79EFBC}") = "Infrastructure", "src\Infrastructure\Infrastructure.csproj", "{3D910B10-1E84-4F23-B9E3-E5B1AB8E53D3}"
EndProject
Project("{FAE04EC0-301F-11D3-BF4B-00C04F79EFBC}") = "Application", "src\Application\Application.csproj", "{C9EBCF97-F209-463E-BDAA-881750A45E70}"
EndProject
Project("{FAE04EC0-301F-11D3-BF4B-00C04F79EFBC}") = "Domain", "src\Domain\Domain.csproj", "{BE49BCAC-DCD7-47EE-897F-FF20F3B666F3}"
EndProject
Project("{FAE04EC0-301F-11D3-BF4B-00C04F79EFBC}") = "Testing", "src\Testing\Testing.csproj", "{398F5A9A-9DE2-4A61-A267-459174EDD054}"
EndProject
Project("{FAE04EC0-301F-11D3-BF4B-00C04F79EFBC}") = "Testing.Tests", "tests\Testing.Tests\Testing.Tests.csproj", "{C5BA47AD-8A5A-49B8-93A3-B9B349A4C0AA}"
EndProject
Project("{2150E333-8FDC-42A3-9474-1A3956D46DE8}") = ".items", ".items", "{FE564027-2CC9-4825-B42E-66F32822E838}"
	ProjectSection(SolutionItems) = preProject
		README.md = README.md
	EndProjectSection
EndProject
Project("{FAE04EC0-301F-11D3-BF4B-00C04F79EFBC}") = "Application.Tests", "tests\Application.Tests\Application.Tests.csproj", "{870008B4-8E36-41F3-8C96-8172865CD5BD}"
EndProject
Project("{FAE04EC0-301F-11D3-BF4B-00C04F79EFBC}") = "Application.Mediatr", "src\Application.Mediatr\Application.Mediatr.csproj", "{B9F5CFDE-A09D-45A2-A1DA-F069D424D29E}"
EndProject
Project("{FAE04EC0-301F-11D3-BF4B-00C04F79EFBC}") = "Application.Mediatr.Tests", "tests\Application.Mediatr.Tests\Application.Mediatr.Tests.csproj", "{66EDF6B5-7CA2-4B5E-9D40-9008ACC95708}"
EndProject
Project("{FAE04EC0-301F-11D3-BF4B-00C04F79EFBC}") = "Domain.Tests", "tests\Domain.Tests\Domain.Tests.csproj", "{0DF256F1-500E-4B20-B139-D96EBE7EA323}"
EndProject
Project("{FAE04EC0-301F-11D3-BF4B-00C04F79EFBC}") = "Infrastructure.Tests", "tests\Infrastructure.Tests\Infrastructure.Tests.csproj", "{FFDDFF18-84B8-42BE-9F91-F27425CD714E}"
EndProject
Global
	GlobalSection(SolutionConfigurationPlatforms) = preSolution
		Debug|Any CPU = Debug|Any CPU
		Release|Any CPU = Release|Any CPU
	EndGlobalSection
	GlobalSection(ProjectConfigurationPlatforms) = postSolution
		{3D910B10-1E84-4F23-B9E3-E5B1AB8E53D3}.Debug|Any CPU.ActiveCfg = Debug|Any CPU
		{3D910B10-1E84-4F23-B9E3-E5B1AB8E53D3}.Debug|Any CPU.Build.0 = Debug|Any CPU
		{3D910B10-1E84-4F23-B9E3-E5B1AB8E53D3}.Release|Any CPU.ActiveCfg = Release|Any CPU
		{3D910B10-1E84-4F23-B9E3-E5B1AB8E53D3}.Release|Any CPU.Build.0 = Release|Any CPU
		{C9EBCF97-F209-463E-BDAA-881750A45E70}.Debug|Any CPU.ActiveCfg = Debug|Any CPU
		{C9EBCF97-F209-463E-BDAA-881750A45E70}.Debug|Any CPU.Build.0 = Debug|Any CPU
		{C9EBCF97-F209-463E-BDAA-881750A45E70}.Release|Any CPU.ActiveCfg = Release|Any CPU
		{C9EBCF97-F209-463E-BDAA-881750A45E70}.Release|Any CPU.Build.0 = Release|Any CPU
		{BE49BCAC-DCD7-47EE-897F-FF20F3B666F3}.Debug|Any CPU.ActiveCfg = Debug|Any CPU
		{BE49BCAC-DCD7-47EE-897F-FF20F3B666F3}.Debug|Any CPU.Build.0 = Debug|Any CPU
		{BE49BCAC-DCD7-47EE-897F-FF20F3B666F3}.Release|Any CPU.ActiveCfg = Release|Any CPU
		{BE49BCAC-DCD7-47EE-897F-FF20F3B666F3}.Release|Any CPU.Build.0 = Release|Any CPU
		{398F5A9A-9DE2-4A61-A267-459174EDD054}.Debug|Any CPU.ActiveCfg = Debug|Any CPU
		{398F5A9A-9DE2-4A61-A267-459174EDD054}.Debug|Any CPU.Build.0 = Debug|Any CPU
		{398F5A9A-9DE2-4A61-A267-459174EDD054}.Release|Any CPU.ActiveCfg = Release|Any CPU
		{398F5A9A-9DE2-4A61-A267-459174EDD054}.Release|Any CPU.Build.0 = Release|Any CPU
		{C5BA47AD-8A5A-49B8-93A3-B9B349A4C0AA}.Debug|Any CPU.ActiveCfg = Debug|Any CPU
		{C5BA47AD-8A5A-49B8-93A3-B9B349A4C0AA}.Debug|Any CPU.Build.0 = Debug|Any CPU
		{C5BA47AD-8A5A-49B8-93A3-B9B349A4C0AA}.Release|Any CPU.ActiveCfg = Release|Any CPU
		{C5BA47AD-8A5A-49B8-93A3-B9B349A4C0AA}.Release|Any CPU.Build.0 = Release|Any CPU
		{870008B4-8E36-41F3-8C96-8172865CD5BD}.Debug|Any CPU.ActiveCfg = Debug|Any CPU
		{870008B4-8E36-41F3-8C96-8172865CD5BD}.Debug|Any CPU.Build.0 = Debug|Any CPU
		{870008B4-8E36-41F3-8C96-8172865CD5BD}.Release|Any CPU.ActiveCfg = Release|Any CPU
		{870008B4-8E36-41F3-8C96-8172865CD5BD}.Release|Any CPU.Build.0 = Release|Any CPU
		{B9F5CFDE-A09D-45A2-A1DA-F069D424D29E}.Debug|Any CPU.ActiveCfg = Debug|Any CPU
		{B9F5CFDE-A09D-45A2-A1DA-F069D424D29E}.Debug|Any CPU.Build.0 = Debug|Any CPU
		{B9F5CFDE-A09D-45A2-A1DA-F069D424D29E}.Release|Any CPU.ActiveCfg = Release|Any CPU
		{B9F5CFDE-A09D-45A2-A1DA-F069D424D29E}.Release|Any CPU.Build.0 = Release|Any CPU
		{66EDF6B5-7CA2-4B5E-9D40-9008ACC95708}.Debug|Any CPU.ActiveCfg = Debug|Any CPU
		{66EDF6B5-7CA2-4B5E-9D40-9008ACC95708}.Debug|Any CPU.Build.0 = Debug|Any CPU
		{66EDF6B5-7CA2-4B5E-9D40-9008ACC95708}.Release|Any CPU.ActiveCfg = Release|Any CPU
		{66EDF6B5-7CA2-4B5E-9D40-9008ACC95708}.Release|Any CPU.Build.0 = Release|Any CPU
		{0DF256F1-500E-4B20-B139-D96EBE7EA323}.Debug|Any CPU.ActiveCfg = Debug|Any CPU
		{0DF256F1-500E-4B20-B139-D96EBE7EA323}.Debug|Any CPU.Build.0 = Debug|Any CPU
		{0DF256F1-500E-4B20-B139-D96EBE7EA323}.Release|Any CPU.ActiveCfg = Release|Any CPU
		{0DF256F1-500E-4B20-B139-D96EBE7EA323}.Release|Any CPU.Build.0 = Release|Any CPU
		{FFDDFF18-84B8-42BE-9F91-F27425CD714E}.Debug|Any CPU.ActiveCfg = Debug|Any CPU
		{FFDDFF18-84B8-42BE-9F91-F27425CD714E}.Debug|Any CPU.Build.0 = Debug|Any CPU
		{FFDDFF18-84B8-42BE-9F91-F27425CD714E}.Release|Any CPU.ActiveCfg = Release|Any CPU
		{FFDDFF18-84B8-42BE-9F91-F27425CD714E}.Release|Any CPU.Build.0 = Release|Any CPU
	EndGlobalSection
	GlobalSection(NestedProjects) = preSolution
		{3D910B10-1E84-4F23-B9E3-E5B1AB8E53D3} = {84DB2D72-17E0-441C-A59C-1448AD9F64D0}
		{C9EBCF97-F209-463E-BDAA-881750A45E70} = {84DB2D72-17E0-441C-A59C-1448AD9F64D0}
		{BE49BCAC-DCD7-47EE-897F-FF20F3B666F3} = {84DB2D72-17E0-441C-A59C-1448AD9F64D0}
		{398F5A9A-9DE2-4A61-A267-459174EDD054} = {84DB2D72-17E0-441C-A59C-1448AD9F64D0}
		{C5BA47AD-8A5A-49B8-93A3-B9B349A4C0AA} = {AB70FC1C-78C0-48B7-96E0-53B9605132D5}
		{870008B4-8E36-41F3-8C96-8172865CD5BD} = {AB70FC1C-78C0-48B7-96E0-53B9605132D5}
		{B9F5CFDE-A09D-45A2-A1DA-F069D424D29E} = {84DB2D72-17E0-441C-A59C-1448AD9F64D0}
		{66EDF6B5-7CA2-4B5E-9D40-9008ACC95708} = {AB70FC1C-78C0-48B7-96E0-53B9605132D5}
		{0DF256F1-500E-4B20-B139-D96EBE7EA323} = {AB70FC1C-78C0-48B7-96E0-53B9605132D5}
		{FFDDFF18-84B8-42BE-9F91-F27425CD714E} = {AB70FC1C-78C0-48B7-96E0-53B9605132D5}
	EndGlobalSection
EndGlobal
